
Microsoft Visual Studio Solution File, Format Version 12.00
# Visual Studio Version 17
VisualStudioVersion = 17.6.33829.357
MinimumVisualStudioVersion = 10.0.40219.1
Project("{9A19103F-16F7-4668-BE54-9A1E7A4F7556}") = "VcdlExporter", "VcdlExporter\VcdlExporter.csproj", "{73648C9D-5C5D-4553-BB2F-D8847399D588}"
EndProject
Project("{9A19103F-16F7-4668-BE54-9A1E7A4F7556}") = "FmiBridge", "..\FmuImporter\FmiBridge\FmiBridge.csproj", "{134B7834-6592-4F36-ACAC-932A4407B9FF}"
EndProject
Project("{2150E333-8FDC-42A3-9474-1A3956D46DE8}") = "Solution Items", "Solution Items", "{2308589E-9D1A-4993-9914-EF0240350107}"
	ProjectSection(SolutionItems) = preProject
		..\FmuImporter\build.props = ..\FmuImporter\build.props
		..\FmuImporter\common.props = ..\FmuImporter\common.props
	EndProjectSection
EndProject
Project("{9A19103F-16F7-4668-BE54-9A1E7A4F7556}") = "FmuImporter.Models", "..\FmuImporter\FmuImporter.Models\FmuImporter.Models.csproj", "{26A5DCED-5C93-4B9E-A006-AA3A890FB735}"
EndProject
Global
	GlobalSection(SolutionConfigurationPlatforms) = preSolution
		Debug|x64 = Debug|x64
		Debug|x86 = Debug|x86
		Release|x64 = Release|x64
		Release|x86 = Release|x86
	EndGlobalSection
	GlobalSection(ProjectConfigurationPlatforms) = postSolution
		{73648C9D-5C5D-4553-BB2F-D8847399D588}.Debug|x64.ActiveCfg = Debug|x64
		{73648C9D-5C5D-4553-BB2F-D8847399D588}.Debug|x64.Build.0 = Debug|x64
		{73648C9D-5C5D-4553-BB2F-D8847399D588}.Debug|x86.ActiveCfg = Debug|x86
		{73648C9D-5C5D-4553-BB2F-D8847399D588}.Debug|x86.Build.0 = Debug|x86
		{73648C9D-5C5D-4553-BB2F-D8847399D588}.Release|x64.ActiveCfg = Release|x64
		{73648C9D-5C5D-4553-BB2F-D8847399D588}.Release|x64.Build.0 = Release|x64
		{73648C9D-5C5D-4553-BB2F-D8847399D588}.Release|x86.ActiveCfg = Release|x86
		{73648C9D-5C5D-4553-BB2F-D8847399D588}.Release|x86.Build.0 = Release|x86
		{134B7834-6592-4F36-ACAC-932A4407B9FF}.Debug|x64.ActiveCfg = Debug|x64
		{134B7834-6592-4F36-ACAC-932A4407B9FF}.Debug|x64.Build.0 = Debug|x64
		{134B7834-6592-4F36-ACAC-932A4407B9FF}.Debug|x86.ActiveCfg = Debug|x86
		{134B7834-6592-4F36-ACAC-932A4407B9FF}.Debug|x86.Build.0 = Debug|x86
		{134B7834-6592-4F36-ACAC-932A4407B9FF}.Release|x64.ActiveCfg = Release|x64
		{134B7834-6592-4F36-ACAC-932A4407B9FF}.Release|x64.Build.0 = Release|x64
		{134B7834-6592-4F36-ACAC-932A4407B9FF}.Release|x86.ActiveCfg = Release|x86
		{134B7834-6592-4F36-ACAC-932A4407B9FF}.Release|x86.Build.0 = Release|x86
		{26A5DCED-5C93-4B9E-A006-AA3A890FB735}.Debug|x64.ActiveCfg = Debug|x64
		{26A5DCED-5C93-4B9E-A006-AA3A890FB735}.Debug|x64.Build.0 = Debug|x64
		{26A5DCED-5C93-4B9E-A006-AA3A890FB735}.Debug|x86.ActiveCfg = Debug|x86
		{26A5DCED-5C93-4B9E-A006-AA3A890FB735}.Debug|x86.Build.0 = Debug|x86
		{26A5DCED-5C93-4B9E-A006-AA3A890FB735}.Release|x64.ActiveCfg = Release|x64
		{26A5DCED-5C93-4B9E-A006-AA3A890FB735}.Release|x64.Build.0 = Release|x64
		{26A5DCED-5C93-4B9E-A006-AA3A890FB735}.Release|x86.ActiveCfg = Release|x86
		{26A5DCED-5C93-4B9E-A006-AA3A890FB735}.Release|x86.Build.0 = Release|x86
	EndGlobalSection
	GlobalSection(SolutionProperties) = preSolution
		HideSolutionNode = FALSE
	EndGlobalSection
	GlobalSection(ExtensibilityGlobals) = postSolution
		SolutionGuid = {320E847B-17AA-48A9-8643-9BB18A755865}
	EndGlobalSection
EndGlobal
