
Microsoft Visual Studio Solution File, Format Version 12.00
# Visual Studio Version 17
VisualStudioVersion = 17.4.33213.308
MinimumVisualStudioVersion = 10.0.40219.1
Project("{9A19103F-16F7-4668-BE54-9A1E7A4F7556}") = "Prototype", "Prototype\Prototype.csproj", "{4AD11843-48AB-4B66-92A8-3FAAE83A8F59}"
	ProjectSection(ProjectDependencies) = postProject
		{087B1571-A27C-47C8-BF48-14AAE23EE72F} = {087B1571-A27C-47C8-BF48-14AAE23EE72F}
	EndProjectSection
EndProject
Project("{9A19103F-16F7-4668-BE54-9A1E7A4F7556}") = "SilKitBridge", "SilKitBridge\SilKitBridge.csproj", "{087B1571-A27C-47C8-BF48-14AAE23EE72F}"
EndProject
Global
	GlobalSection(SolutionConfigurationPlatforms) = preSolution
		Debug|Any CPU = Debug|Any CPU
		Release|Any CPU = Release|Any CPU
	EndGlobalSection
	GlobalSection(ProjectConfigurationPlatforms) = postSolution
		{4AD11843-48AB-4B66-92A8-3FAAE83A8F59}.Debug|Any CPU.ActiveCfg = Debug|Any CPU
		{4AD11843-48AB-4B66-92A8-3FAAE83A8F59}.Debug|Any CPU.Build.0 = Debug|Any CPU
		{4AD11843-48AB-4B66-92A8-3FAAE83A8F59}.Release|Any CPU.ActiveCfg = Release|Any CPU
		{4AD11843-48AB-4B66-92A8-3FAAE83A8F59}.Release|Any CPU.Build.0 = Release|Any CPU
		{087B1571-A27C-47C8-BF48-14AAE23EE72F}.Debug|Any CPU.ActiveCfg = Debug|Any CPU
		{087B1571-A27C-47C8-BF48-14AAE23EE72F}.Debug|Any CPU.Build.0 = Debug|Any CPU
		{087B1571-A27C-47C8-BF48-14AAE23EE72F}.Release|Any CPU.ActiveCfg = Release|Any CPU
		{087B1571-A27C-47C8-BF48-14AAE23EE72F}.Release|Any CPU.Build.0 = Release|Any CPU
	EndGlobalSection
	GlobalSection(SolutionProperties) = preSolution
		HideSolutionNode = FALSE
	EndGlobalSection
	GlobalSection(ExtensibilityGlobals) = postSolution
		SolutionGuid = {88165DF1-2466-4246-BF9B-478742469269}
	EndGlobalSection
EndGlobal
