
Microsoft Visual Studio Solution File, Format Version 12.00
# Visual Studio Version 17
VisualStudioVersion = 17.4.33213.308
MinimumVisualStudioVersion = 10.0.40219.1
Project("{9A19103F-16F7-4668-BE54-9A1E7A4F7556}") = "Prototype", "Prototype\Prototype.csproj", "{4AD11843-48AB-4B66-92A8-3FAAE83A8F59}"
	ProjectSection(ProjectDependencies) = postProject
		{087B1571-A27C-47C8-BF48-14AAE23EE72F} = {087B1571-A27C-47C8-BF48-14AAE23EE72F}
		{E88B3F7A-2596-42D9-9054-25CF7276A442} = {E88B3F7A-2596-42D9-9054-25CF7276A442}
	EndProjectSection
EndProject
Project("{9A19103F-16F7-4668-BE54-9A1E7A4F7556}") = "SilKitBridge", "SilKitBridge\SilKitBridge.csproj", "{087B1571-A27C-47C8-BF48-14AAE23EE72F}"
EndProject
Project("{9A19103F-16F7-4668-BE54-9A1E7A4F7556}") = "FmiBridge", "FmiBridge\FmiBridge.csproj", "{E88B3F7A-2596-42D9-9054-25CF7276A442}"
EndProject
Project("{9A19103F-16F7-4668-BE54-9A1E7A4F7556}") = "FmuImporter", "FmuImporter\FmuImporter.csproj", "{DBA3A75A-95AD-4BA9-B4D8-EF27ED6940CE}"
EndProject
Project("{FAE04EC0-301F-11D3-BF4B-00C04F79EFBC}") = "VcdlExporter", "VcdlExporter\VcdlExporter.csproj", "{91B40804-CB98-4629-AD64-A99FAF45B7E8}"
EndProject
Global
	GlobalSection(SolutionConfigurationPlatforms) = preSolution
		Debug|Any CPU = Debug|Any CPU
		Release|Any CPU = Release|Any CPU
	EndGlobalSection
	GlobalSection(ProjectConfigurationPlatforms) = postSolution
		{4AD11843-48AB-4B66-92A8-3FAAE83A8F59}.Debug|Any CPU.ActiveCfg = Debug|Any CPU
		{4AD11843-48AB-4B66-92A8-3FAAE83A8F59}.Debug|Any CPU.Build.0 = Debug|Any CPU
		{4AD11843-48AB-4B66-92A8-3FAAE83A8F59}.Release|Any CPU.ActiveCfg = Release|Any CPU
		{4AD11843-48AB-4B66-92A8-3FAAE83A8F59}.Release|Any CPU.Build.0 = Release|Any CPU
		{087B1571-A27C-47C8-BF48-14AAE23EE72F}.Debug|Any CPU.ActiveCfg = Debug|Any CPU
		{087B1571-A27C-47C8-BF48-14AAE23EE72F}.Debug|Any CPU.Build.0 = Debug|Any CPU
		{087B1571-A27C-47C8-BF48-14AAE23EE72F}.Release|Any CPU.ActiveCfg = Release|Any CPU
		{087B1571-A27C-47C8-BF48-14AAE23EE72F}.Release|Any CPU.Build.0 = Release|Any CPU
		{E88B3F7A-2596-42D9-9054-25CF7276A442}.Debug|Any CPU.ActiveCfg = Debug|Any CPU
		{E88B3F7A-2596-42D9-9054-25CF7276A442}.Debug|Any CPU.Build.0 = Debug|Any CPU
		{E88B3F7A-2596-42D9-9054-25CF7276A442}.Release|Any CPU.ActiveCfg = Release|Any CPU
		{E88B3F7A-2596-42D9-9054-25CF7276A442}.Release|Any CPU.Build.0 = Release|Any CPU
		{DBA3A75A-95AD-4BA9-B4D8-EF27ED6940CE}.Debug|Any CPU.ActiveCfg = Debug|Any CPU
		{DBA3A75A-95AD-4BA9-B4D8-EF27ED6940CE}.Debug|Any CPU.Build.0 = Debug|Any CPU
		{DBA3A75A-95AD-4BA9-B4D8-EF27ED6940CE}.Release|Any CPU.ActiveCfg = Release|Any CPU
		{DBA3A75A-95AD-4BA9-B4D8-EF27ED6940CE}.Release|Any CPU.Build.0 = Release|Any CPU
		{91B40804-CB98-4629-AD64-A99FAF45B7E8}.Debug|Any CPU.ActiveCfg = Debug|Any CPU
		{91B40804-CB98-4629-AD64-A99FAF45B7E8}.Debug|Any CPU.Build.0 = Debug|Any CPU
		{91B40804-CB98-4629-AD64-A99FAF45B7E8}.Release|Any CPU.ActiveCfg = Release|Any CPU
		{91B40804-CB98-4629-AD64-A99FAF45B7E8}.Release|Any CPU.Build.0 = Release|Any CPU
	EndGlobalSection
	GlobalSection(SolutionProperties) = preSolution
		HideSolutionNode = FALSE
	EndGlobalSection
	GlobalSection(ExtensibilityGlobals) = postSolution
		SolutionGuid = {88165DF1-2466-4246-BF9B-478742469269}
	EndGlobalSection
EndGlobal
